
Microsoft Visual Studio Solution File, Format Version 12.00
# Visual Studio Version 17
VisualStudioVersion = 17.7.34031.279
MinimumVisualStudioVersion = 10.0.40219.1
Project("{FAE04EC0-301F-11D3-BF4B-00C04F79EFBC}") = "TestApp", "TestApp\TestApp.csproj", "{6DA01791-DABC-47BC-AB02-3A748DA0502E}"
EndProject
Global
	GlobalSection(SolutionConfigurationPlatforms) = preSolution
		Debug|Any CPU = Debug|Any CPU
		Release|Any CPU = Release|Any CPU
	EndGlobalSection
	GlobalSection(ProjectConfigurationPlatforms) = postSolution
		{6DA01791-DABC-47BC-AB02-3A748DA0502E}.Debug|Any CPU.ActiveCfg = Debug|Any CPU
		{6DA01791-DABC-47BC-AB02-3A748DA0502E}.Debug|Any CPU.Build.0 = Debug|Any CPU
		{6DA01791-DABC-47BC-AB02-3A748DA0502E}.Release|Any CPU.ActiveCfg = Release|Any CPU
		{6DA01791-DABC-47BC-AB02-3A748DA0502E}.Release|Any CPU.Build.0 = Release|Any CPU
	EndGlobalSection
	GlobalSection(SolutionProperties) = preSolution
		HideSolutionNode = FALSE
	EndGlobalSection
	GlobalSection(ExtensibilityGlobals) = postSolution
		SolutionGuid = {022F9BDD-4408-44EB-AD6B-AA025C427C66}
	EndGlobalSection
EndGlobal
